
Microsoft Visual Studio Solution File, Format Version 12.00
# Visual Studio 15
VisualStudioVersion = 15.0.27004.2005
MinimumVisualStudioVersion = 10.0.40219.1
Project("{FAE04EC0-301F-11D3-BF4B-00C04F79EFBC}") = "Win32Extensions", "Win32Extensions\Win32Extensions.csproj", "{F9E52C92-764B-401B-9D44-955DC44CDF2B}"
EndProject
Project("{FAE04EC0-301F-11D3-BF4B-00C04F79EFBC}") = "WpfDesktopToastsApp", "WpfDesktopToastsApp\WpfDesktopToastsApp.csproj", "{F62D5703-8F16-4198-8B3B-E73FD3ECF712}"
EndProject
Project("{FAE04EC0-301F-11D3-BF4B-00C04F79EFBC}") = "WpfHeadlessToastsApp", "WpfHeadlessToastsApp\WpfHeadlessToastsApp.csproj", "{35EECF4C-B994-45AE-BDB8-83A5B2A98057}"
EndProject
Global
	GlobalSection(SolutionConfigurationPlatforms) = preSolution
		Debug|Any CPU = Debug|Any CPU
		Release|Any CPU = Release|Any CPU
	EndGlobalSection
	GlobalSection(ProjectConfigurationPlatforms) = postSolution
		{F9E52C92-764B-401B-9D44-955DC44CDF2B}.Debug|Any CPU.ActiveCfg = Debug|Any CPU
		{F9E52C92-764B-401B-9D44-955DC44CDF2B}.Debug|Any CPU.Build.0 = Debug|Any CPU
		{F9E52C92-764B-401B-9D44-955DC44CDF2B}.Release|Any CPU.ActiveCfg = Release|Any CPU
		{F9E52C92-764B-401B-9D44-955DC44CDF2B}.Release|Any CPU.Build.0 = Release|Any CPU
		{F62D5703-8F16-4198-8B3B-E73FD3ECF712}.Debug|Any CPU.ActiveCfg = Debug|Any CPU
		{F62D5703-8F16-4198-8B3B-E73FD3ECF712}.Debug|Any CPU.Build.0 = Debug|Any CPU
		{F62D5703-8F16-4198-8B3B-E73FD3ECF712}.Release|Any CPU.ActiveCfg = Release|Any CPU
		{F62D5703-8F16-4198-8B3B-E73FD3ECF712}.Release|Any CPU.Build.0 = Release|Any CPU
		{35EECF4C-B994-45AE-BDB8-83A5B2A98057}.Debug|Any CPU.ActiveCfg = Debug|Any CPU
		{35EECF4C-B994-45AE-BDB8-83A5B2A98057}.Debug|Any CPU.Build.0 = Debug|Any CPU
		{35EECF4C-B994-45AE-BDB8-83A5B2A98057}.Release|Any CPU.ActiveCfg = Release|Any CPU
		{35EECF4C-B994-45AE-BDB8-83A5B2A98057}.Release|Any CPU.Build.0 = Release|Any CPU
	EndGlobalSection
	GlobalSection(SolutionProperties) = preSolution
		HideSolutionNode = FALSE
	EndGlobalSection
	GlobalSection(ExtensibilityGlobals) = postSolution
		SolutionGuid = {565C3F5E-BD8E-4037-8BAA-BEE69B58DB19}
	EndGlobalSection
EndGlobal
